github.com/hugomods/images v0.11.2 h1:d7u3c/ePboeOGx8OI5eUnilpA79YvD7KJjUgqVMR83Y=
github.com/hugomods/images v0.11.2/go.mod h1:U6Gwj16LKvk66rOMyGFrnF6f0aV8lT89lqOsckOAjYY=
github.com/milafrerichs/hugo-wikilinks v0.0.0-20211029084251-6464e839c73a h1:0qQ/BiywfDRKZk2qS2DXvTli0qnYt2YqQ/gyIOJ7M6s=
github.com/milafrerichs/hugo-wikilinks v0.0.0-20211029084251-6464e839c73a/go.mod h1:ICa2d3iU0rHQ6RlTDrMoLZllsBf6T0fPByvIPrfWmBQ=
github.com/wjianbo/hugo-wikilinks v0.0.0-20211029084251-6464e839c73a h1:6F02ThH1tlbbnb785SNQbnQMpn7dzznMFoFOXdj84rY=
github.com/wjianbo/hugo-wikilinks v0.0.0-20211029084251-6464e839c73a/go.mod h1:H1DbKZqVZ/h3DEmfDWYu0pO0EXhsFpIcfHyOKvCkJwk=
github.com/wjianbo/hugo-wikilinks v0.0.0-20230120003628-c1bd6e1665bb h1:liLy9R+Ans8l9O259pe75rfPOIpf49rzzOJ+mBdRr4Q=
github.com/wjianbo/hugo-wikilinks v0.0.0-20230120003628-c1bd6e1665bb/go.mod h1:H1DbKZqVZ/h3DEmfDWYu0pO0EXhsFpIcfHyOKvCkJwk=
